// !$*UTF8*$!
{
	archiveVersion = 1;
	classes = {
	};
	objectVersion = 50;
	objects = {

/* Begin PBXBuildFile section */
		2C1CBA6E24120C8600E3B722 /* stackexchange.com.der in Resources */ = {isa = PBXBuildFile; fileRef = 2C1CBA6D24120C8600E3B722 /* stackexchange.com.der */; };
		2C46F2C82395F0DA0094790D /* AppDelegate.swift in Sources */ = {isa = PBXBuildFile; fileRef = 2C46F2C72395F0DA0094790D /* AppDelegate.swift */; };
		2C46F2CC2395F0DA0094790D /* ViewController.swift in Sources */ = {isa = PBXBuildFile; fileRef = 2C46F2CB2395F0DA0094790D /* ViewController.swift */; };
		2C46F2CF2395F0DA0094790D /* Main.storyboard in Resources */ = {isa = PBXBuildFile; fileRef = 2C46F2CD2395F0DA0094790D /* Main.storyboard */; };
		2C46F2D12395F0DB0094790D /* Assets.xcassets in Resources */ = {isa = PBXBuildFile; fileRef = 2C46F2D02395F0DB0094790D /* Assets.xcassets */; };
		2C46F2D42395F0DB0094790D /* LaunchScreen.storyboard in Resources */ = {isa = PBXBuildFile; fileRef = 2C46F2D22395F0DB0094790D /* LaunchScreen.storyboard */; };
		2C46F2DD2395F0E70094790D /* SimpleNetworking.framework in Frameworks */ = {isa = PBXBuildFile; fileRef = 2C46F2DC2395F0E70094790D /* SimpleNetworking.framework */; };
		2C46F2DE2395F0E70094790D /* SimpleNetworking.framework in Embed Frameworks */ = {isa = PBXBuildFile; fileRef = 2C46F2DC2395F0E70094790D /* SimpleNetworking.framework */; settings = {ATTRIBUTES = (CodeSignOnCopy, RemoveHeadersOnCopy, ); }; };
/* End PBXBuildFile section */

/* Begin PBXCopyFilesBuildPhase section */
		2C46F2DF2395F0E70094790D /* Embed Frameworks */ = {
			isa = PBXCopyFilesBuildPhase;
			buildActionMask = 2147483647;
			dstPath = "";
			dstSubfolderSpec = 10;
			files = (
				2C46F2DE2395F0E70094790D /* SimpleNetworking.framework in Embed Frameworks */,
			);
			name = "Embed Frameworks";
			runOnlyForDeploymentPostprocessing = 0;
		};
/* End PBXCopyFilesBuildPhase section */

/* Begin PBXFileReference section */
		2C1CBA6D24120C8600E3B722 /* stackexchange.com.der */ = {isa = PBXFileReference; lastKnownFileType = file; path = stackexchange.com.der; sourceTree = "<group>"; };
		2C46F2C42395F0DA0094790D /* Example.app */ = {isa = PBXFileReference; explicitFileType = wrapper.application; includeInIndex = 0; path = Example.app; sourceTree = BUILT_PRODUCTS_DIR; };
		2C46F2C72395F0DA0094790D /* AppDelegate.swift */ = {isa = PBXFileReference; lastKnownFileType = sourcecode.swift; path = AppDelegate.swift; sourceTree = "<group>"; };
		2C46F2CB2395F0DA0094790D /* ViewController.swift */ = {isa = PBXFileReference; lastKnownFileType = sourcecode.swift; path = ViewController.swift; sourceTree = "<group>"; };
		2C46F2CE2395F0DA0094790D /* Base */ = {isa = PBXFileReference; lastKnownFileType = file.storyboard; name = Base; path = Base.lproj/Main.storyboard; sourceTree = "<group>"; };
		2C46F2D02395F0DB0094790D /* Assets.xcassets */ = {isa = PBXFileReference; lastKnownFileType = folder.assetcatalog; path = Assets.xcassets; sourceTree = "<group>"; };
		2C46F2D32395F0DB0094790D /* Base */ = {isa = PBXFileReference; lastKnownFileType = file.storyboard; name = Base; path = Base.lproj/LaunchScreen.storyboard; sourceTree = "<group>"; };
		2C46F2D52395F0DB0094790D /* Info.plist */ = {isa = PBXFileReference; lastKnownFileType = text.plist.xml; path = Info.plist; sourceTree = "<group>"; };
		2C46F2DC2395F0E70094790D /* SimpleNetworking.framework */ = {isa = PBXFileReference; explicitFileType = wrapper.framework; path = SimpleNetworking.framework; sourceTree = BUILT_PRODUCTS_DIR; };
/* End PBXFileReference section */

/* Begin PBXFrameworksBuildPhase section */
		2C46F2C12395F0DA0094790D /* Frameworks */ = {
			isa = PBXFrameworksBuildPhase;
			buildActionMask = 2147483647;
			files = (
				2C46F2DD2395F0E70094790D /* SimpleNetworking.framework in Frameworks */,
			);
			runOnlyForDeploymentPostprocessing = 0;
		};
/* End PBXFrameworksBuildPhase section */

/* Begin PBXGroup section */
		2C1CBA6C24120C6800E3B722 /* Example SSL Pinning Certificate */ = {
			isa = PBXGroup;
			children = (
				2C1CBA6D24120C8600E3B722 /* stackexchange.com.der */,
			);
			path = "Example SSL Pinning Certificate";
			sourceTree = "<group>";
		};
		2C46F2BB2395F0DA0094790D = {
			isa = PBXGroup;
			children = (
				2C46F2C62395F0DA0094790D /* Example */,
				2C46F2C52395F0DA0094790D /* Products */,
				2C46F2DB2395F0E70094790D /* Frameworks */,
			);
			sourceTree = "<group>";
		};
		2C46F2C52395F0DA0094790D /* Products */ = {
			isa = PBXGroup;
			children = (
				2C46F2C42395F0DA0094790D /* Example.app */,
			);
			name = Products;
			sourceTree = "<group>";
		};
		2C46F2C62395F0DA0094790D /* Example */ = {
			isa = PBXGroup;
			children = (
				2C1CBA6C24120C6800E3B722 /* Example SSL Pinning Certificate */,
				2C46F2C72395F0DA0094790D /* AppDelegate.swift */,
				2C46F2CB2395F0DA0094790D /* ViewController.swift */,
				2C46F2CD2395F0DA0094790D /* Main.storyboard */,
				2C46F2D02395F0DB0094790D /* Assets.xcassets */,
				2C46F2D22395F0DB0094790D /* LaunchScreen.storyboard */,
				2C46F2D52395F0DB0094790D /* Info.plist */,
			);
			path = Example;
			sourceTree = "<group>";
		};
		2C46F2DB2395F0E70094790D /* Frameworks */ = {
			isa = PBXGroup;
			children = (
				2C46F2DC2395F0E70094790D /* SimpleNetworking.framework */,
			);
			name = Frameworks;
			sourceTree = "<group>";
		};
/* End PBXGroup section */

/* Begin PBXNativeTarget section */
		2C46F2C32395F0DA0094790D /* Example */ = {
			isa = PBXNativeTarget;
			buildConfigurationList = 2C46F2D82395F0DB0094790D /* Build configuration list for PBXNativeTarget "Example" */;
			buildPhases = (
				2C46F2C02395F0DA0094790D /* Sources */,
				2C46F2C12395F0DA0094790D /* Frameworks */,
				2C46F2C22395F0DA0094790D /* Resources */,
				2C46F2DF2395F0E70094790D /* Embed Frameworks */,
			);
			buildRules = (
			);
			dependencies = (
			);
			name = Example;
			productName = Example;
			productReference = 2C46F2C42395F0DA0094790D /* Example.app */;
			productType = "com.apple.product-type.application";
		};
/* End PBXNativeTarget section */

/* Begin PBXProject section */
		2C46F2BC2395F0DA0094790D /* Project object */ = {
			isa = PBXProject;
			attributes = {
				LastSwiftUpdateCheck = 1120;
				LastUpgradeCheck = 1120;
				ORGANIZATIONNAME = "Luis Carlos Mejia Garcia";
				TargetAttributes = {
					2C46F2C32395F0DA0094790D = {
						CreatedOnToolsVersion = 11.2.1;
					};
				};
			};
			buildConfigurationList = 2C46F2BF2395F0DA0094790D /* Build configuration list for PBXProject "Example" */;
			compatibilityVersion = "Xcode 9.3";
			developmentRegion = en;
			hasScannedForEncodings = 0;
			knownRegions = (
				en,
				Base,
			);
			mainGroup = 2C46F2BB2395F0DA0094790D;
			productRefGroup = 2C46F2C52395F0DA0094790D /* Products */;
			projectDirPath = "";
			projectRoot = "";
			targets = (
				2C46F2C32395F0DA0094790D /* Example */,
			);
		};
/* End PBXProject section */

/* Begin PBXResourcesBuildPhase section */
		2C46F2C22395F0DA0094790D /* Resources */ = {
			isa = PBXResourcesBuildPhase;
			buildActionMask = 2147483647;
			files = (
				2C1CBA6E24120C8600E3B722 /* stackexchange.com.der in Resources */,
				2C46F2D42395F0DB0094790D /* LaunchScreen.storyboard in Resources */,
				2C46F2D12395F0DB0094790D /* Assets.xcassets in Resources */,
				2C46F2CF2395F0DA0094790D /* Main.storyboard in Resources */,
			);
			runOnlyForDeploymentPostprocessing = 0;
		};
/* End PBXResourcesBuildPhase section */

/* Begin PBXSourcesBuildPhase section */
		2C46F2C02395F0DA0094790D /* Sources */ = {
			isa = PBXSourcesBuildPhase;
			buildActionMask = 2147483647;
			files = (
				2C46F2CC2395F0DA0094790D /* ViewController.swift in Sources */,
				2C46F2C82395F0DA0094790D /* AppDelegate.swift in Sources */,
			);
			runOnlyForDeploymentPostprocessing = 0;
		};
/* End PBXSourcesBuildPhase section */

/* Begin PBXVariantGroup section */
		2C46F2CD2395F0DA0094790D /* Main.storyboard */ = {
			isa = PBXVariantGroup;
			children = (
				2C46F2CE2395F0DA0094790D /* Base */,
			);
			name = Main.storyboard;
			sourceTree = "<group>";
		};
		2C46F2D22395F0DB0094790D /* LaunchScreen.storyboard */ = {
			isa = PBXVariantGroup;
			children = (
				2C46F2D32395F0DB0094790D /* Base */,
			);
			name = LaunchScreen.storyboard;
			sourceTree = "<group>";
		};
/* End PBXVariantGroup section */

/* Begin XCBuildConfiguration section */
		2C46F2D62395F0DB0094790D /* Debug */ = {
			isa = XCBuildConfiguration;
			buildSettings = {
				ALWAYS_SEARCH_USER_PATHS = NO;
				CLANG_ANALYZER_NONNULL = YES;
				CLANG_ANALYZER_NUMBER_OBJECT_CONVERSION = YES_AGGRESSIVE;
				CLANG_CXX_LANGUAGE_STANDARD = "gnu++14";
				CLANG_CXX_LIBRARY = "libc++";
				CLANG_ENABLE_MODULES = YES;
				CLANG_ENABLE_OBJC_ARC = YES;
				CLANG_ENABLE_OBJC_WEAK = YES;
				CLANG_WARN_BLOCK_CAPTURE_AUTORELEASING = YES;
				CLANG_WARN_BOOL_CONVERSION = YES;
				CLANG_WARN_COMMA = YES;
				CLANG_WARN_CONSTANT_CONVERSION = YES;
				CLANG_WARN_DEPRECATED_OBJC_IMPLEMENTATIONS = YES;
				CLANG_WARN_DIRECT_OBJC_ISA_USAGE = YES_ERROR;
				CLANG_WARN_DOCUMENTATION_COMMENTS = YES;
				CLANG_WARN_EMPTY_BODY = YES;
				CLANG_WARN_ENUM_CONVERSION = YES;
				CLANG_WARN_INFINITE_RECURSION = YES;
				CLANG_WARN_INT_CONVERSION = YES;
				CLANG_WARN_NON_LITERAL_NULL_CONVERSION = YES;
				CLANG_WARN_OBJC_IMPLICIT_RETAIN_SELF = YES;
				CLANG_WARN_OBJC_LITERAL_CONVERSION = YES;
				CLANG_WARN_OBJC_ROOT_CLASS = YES_ERROR;
				CLANG_WARN_RANGE_LOOP_ANALYSIS = YES;
				CLANG_WARN_STRICT_PROTOTYPES = YES;
				CLANG_WARN_SUSPICIOUS_MOVE = YES;
				CLANG_WARN_UNGUARDED_AVAILABILITY = YES_AGGRESSIVE;
				CLANG_WARN_UNREACHABLE_CODE = YES;
				CLANG_WARN__DUPLICATE_METHOD_MATCH = YES;
				COPY_PHASE_STRIP = NO;
				DEBUG_INFORMATION_FORMAT = dwarf;
				ENABLE_STRICT_OBJC_MSGSEND = YES;
				ENABLE_TESTABILITY = YES;
				GCC_C_LANGUAGE_STANDARD = gnu11;
				GCC_DYNAMIC_NO_PIC = NO;
				GCC_NO_COMMON_BLOCKS = YES;
				GCC_OPTIMIZATION_LEVEL = 0;
				GCC_PREPROCESSOR_DEFINITIONS = (
					"DEBUG=1",
					"$(inherited)",
				);
				GCC_WARN_64_TO_32_BIT_CONVERSION = YES;
				GCC_WARN_ABOUT_RETURN_TYPE = YES_ERROR;
				GCC_WARN_UNDECLARED_SELECTOR = YES;
				GCC_WARN_UNINITIALIZED_AUTOS = YES_AGGRESSIVE;
				GCC_WARN_UNUSED_FUNCTION = YES;
				GCC_WARN_UNUSED_VARIABLE = YES;
				IPHONEOS_DEPLOYMENT_TARGET = 9.0;
				MTL_ENABLE_DEBUG_INFO = INCLUDE_SOURCE;
				MTL_FAST_MATH = YES;
				ONLY_ACTIVE_ARCH = YES;
				SDKROOT = iphoneos;
				SWIFT_ACTIVE_COMPILATION_CONDITIONS = DEBUG;
				SWIFT_OPTIMIZATION_LEVEL = "-Onone";
				SWIFT_VERSION = 5.0;
			};
			name = Debug;
		};
		2C46F2D72395F0DB0094790D /* Release */ = {
			isa = XCBuildConfiguration;
			buildSettings = {
				ALWAYS_SEARCH_USER_PATHS = NO;
				CLANG_ANALYZER_NONNULL = YES;
				CLANG_ANALYZER_NUMBER_OBJECT_CONVERSION = YES_AGGRESSIVE;
				CLANG_CXX_LANGUAGE_STANDARD = "gnu++14";
				CLANG_CXX_LIBRARY = "libc++";
				CLANG_ENABLE_MODULES = YES;
				CLANG_ENABLE_OBJC_ARC = YES;
				CLANG_ENABLE_OBJC_WEAK = YES;
				CLANG_WARN_BLOCK_CAPTURE_AUTORELEASING = YES;
				CLANG_WARN_BOOL_CONVERSION = YES;
				CLANG_WARN_COMMA = YES;
				CLANG_WARN_CONSTANT_CONVERSION = YES;
				CLANG_WARN_DEPRECATED_OBJC_IMPLEMENTATIONS = YES;
				CLANG_WARN_DIRECT_OBJC_ISA_USAGE = YES_ERROR;
				CLANG_WARN_DOCUMENTATION_COMMENTS = YES;
				CLANG_WARN_EMPTY_BODY = YES;
				CLANG_WARN_ENUM_CONVERSION = YES;
				CLANG_WARN_INFINITE_RECURSION = YES;
				CLANG_WARN_INT_CONVERSION = YES;
				CLANG_WARN_NON_LITERAL_NULL_CONVERSION = YES;
				CLANG_WARN_OBJC_IMPLICIT_RETAIN_SELF = YES;
				CLANG_WARN_OBJC_LITERAL_CONVERSION = YES;
				CLANG_WARN_OBJC_ROOT_CLASS = YES_ERROR;
				CLANG_WARN_RANGE_LOOP_ANALYSIS = YES;
				CLANG_WARN_STRICT_PROTOTYPES = YES;
				CLANG_WARN_SUSPICIOUS_MOVE = YES;
				CLANG_WARN_UNGUARDED_AVAILABILITY = YES_AGGRESSIVE;
				CLANG_WARN_UNREACHABLE_CODE = YES;
				CLANG_WARN__DUPLICATE_METHOD_MATCH = YES;
				COPY_PHASE_STRIP = NO;
				DEBUG_INFORMATION_FORMAT = "dwarf-with-dsym";
				ENABLE_NS_ASSERTIONS = NO;
				ENABLE_STRICT_OBJC_MSGSEND = YES;
				GCC_C_LANGUAGE_STANDARD = gnu11;
				GCC_NO_COMMON_BLOCKS = YES;
				GCC_WARN_64_TO_32_BIT_CONVERSION = YES;
				GCC_WARN_ABOUT_RETURN_TYPE = YES_ERROR;
				GCC_WARN_UNDECLARED_SELECTOR = YES;
				GCC_WARN_UNINITIALIZED_AUTOS = YES_AGGRESSIVE;
				GCC_WARN_UNUSED_FUNCTION = YES;
				GCC_WARN_UNUSED_VARIABLE = YES;
				IPHONEOS_DEPLOYMENT_TARGET = 9.0;
				MTL_ENABLE_DEBUG_INFO = NO;
				MTL_FAST_MATH = YES;
				SDKROOT = iphoneos;
				SWIFT_COMPILATION_MODE = wholemodule;
				SWIFT_OPTIMIZATION_LEVEL = "-O";
				SWIFT_VERSION = 5.0;
				VALIDATE_PRODUCT = YES;
			};
			name = Release;
		};
		2C46F2D92395F0DB0094790D /* Debug */ = {
			isa = XCBuildConfiguration;
			buildSettings = {
				ASSETCATALOG_COMPILER_APPICON_NAME = AppIcon;
				CODE_SIGN_STYLE = Automatic;
				DEVELOPMENT_TEAM = J75TA62D6V;
				INFOPLIST_FILE = Example/Info.plist;
				IPHONEOS_DEPLOYMENT_TARGET = 9.0;
				LD_RUNPATH_SEARCH_PATHS = (
					"$(inherited)",
					"@executable_path/Frameworks",
				);
				PRODUCT_BUNDLE_IDENTIFIER = com.mejiagarcia.Example;
				PRODUCT_NAME = "$(TARGET_NAME)";
				SWIFT_VERSION = 5.0;
				TARGETED_DEVICE_FAMILY = "1,2";
			};
			name = Debug;
		};
		2C46F2DA2395F0DB0094790D /* Release */ = {
			isa = XCBuildConfiguration;
			buildSettings = {
				ASSETCATALOG_COMPILER_APPICON_NAME = AppIcon;
				CODE_SIGN_STYLE = Automatic;
				DEVELOPMENT_TEAM = J75TA62D6V;
				INFOPLIST_FILE = Example/Info.plist;
				IPHONEOS_DEPLOYMENT_TARGET = 9.0;
				LD_RUNPATH_SEARCH_PATHS = (
					"$(inherited)",
					"@executable_path/Frameworks",
				);
				PRODUCT_BUNDLE_IDENTIFIER = com.mejiagarcia.Example;
				PRODUCT_NAME = "$(TARGET_NAME)";
				SWIFT_VERSION = 5.0;
				TARGETED_DEVICE_FAMILY = "1,2";
			};
			name = Release;
		};
/* End XCBuildConfiguration section */

/* Begin XCConfigurationList section */
		2C46F2BF2395F0DA0094790D /* Build configuration list for PBXProject "Example" */ = {
			isa = XCConfigurationList;
			buildConfigurations = (
				2C46F2D62395F0DB0094790D /* Debug */,
				2C46F2D72395F0DB0094790D /* Release */,
			);
			defaultConfigurationIsVisible = 0;
			defaultConfigurationName = Release;
		};
		2C46F2D82395F0DB0094790D /* Build configuration list for PBXNativeTarget "Example" */ = {
			isa = XCConfigurationList;
			buildConfigurations = (
				2C46F2D92395F0DB0094790D /* Debug */,
				2C46F2DA2395F0DB0094790D /* Release */,
			);
			defaultConfigurationIsVisible = 0;
			defaultConfigurationName = Release;
		};
/* End XCConfigurationList section */
	};
	rootObject = 2C46F2BC2395F0DA0094790D /* Project object */;
}
